// !$*UTF8*$!
{
	archiveVersion = 1;
	classes = {
	};
	objectVersion = 50;
	objects = {

/* Begin PBXBuildFile section */
		302559752534931200D5EE57 /* SwitchSettingsTableViewCell.swift in Sources */ = {isa = PBXBuildFile; fileRef = 302559742534931200D5EE57 /* SwitchSettingsTableViewCell.swift */; };
		30255978253495DA00D5EE57 /* FavoritesTableViewCell.swift in Sources */ = {isa = PBXBuildFile; fileRef = 30255977253495DA00D5EE57 /* FavoritesTableViewCell.swift */; };
		3025597B253495EC00D5EE57 /* SleepSettingsTableViewCell.swift in Sources */ = {isa = PBXBuildFile; fileRef = 3025597A253495EC00D5EE57 /* SleepSettingsTableViewCell.swift */; };
		3025597E2534960C00D5EE57 /* FavoritesCollectionViewCell.swift in Sources */ = {isa = PBXBuildFile; fileRef = 3025597D2534960C00D5EE57 /* FavoritesCollectionViewCell.swift */; };
		302559822534966500D5EE57 /* SettingsModel.swift in Sources */ = {isa = PBXBuildFile; fileRef = 302559812534966500D5EE57 /* SettingsModel.swift */; };
		30255986253496A900D5EE57 /* SettingsProtocol.swift in Sources */ = {isa = PBXBuildFile; fileRef = 30255985253496A900D5EE57 /* SettingsProtocol.swift */; };
		30255989253496CE00D5EE57 /* SettingsFavoritesModel.swift in Sources */ = {isa = PBXBuildFile; fileRef = 30255988253496CE00D5EE57 /* SettingsFavoritesModel.swift */; };
		303EF5F72544823100F68C29 /* SectionHeaderTableViewCell.swift in Sources */ = {isa = PBXBuildFile; fileRef = 303EF5F62544823100F68C29 /* SectionHeaderTableViewCell.swift */; };
		308906CC2532354900F5A643 /* AppDelegate.swift in Sources */ = {isa = PBXBuildFile; fileRef = 308906CB2532354900F5A643 /* AppDelegate.swift */; };
		308906CE2532354900F5A643 /* SceneDelegate.swift in Sources */ = {isa = PBXBuildFile; fileRef = 308906CD2532354900F5A643 /* SceneDelegate.swift */; };
		308906D02532354900F5A643 /* SettingsViewController.swift in Sources */ = {isa = PBXBuildFile; fileRef = 308906CF2532354900F5A643 /* SettingsViewController.swift */; };
		308906D52532354B00F5A643 /* Assets.xcassets in Resources */ = {isa = PBXBuildFile; fileRef = 308906D42532354B00F5A643 /* Assets.xcassets */; };
		308906D82532354B00F5A643 /* LaunchScreen.storyboard in Resources */ = {isa = PBXBuildFile; fileRef = 308906D62532354B00F5A643 /* LaunchScreen.storyboard */; };
/* End PBXBuildFile section */

/* Begin PBXFileReference section */
		302559742534931200D5EE57 /* SwitchSettingsTableViewCell.swift */ = {isa = PBXFileReference; lastKnownFileType = sourcecode.swift; path = SwitchSettingsTableViewCell.swift; sourceTree = "<group>"; };
		30255977253495DA00D5EE57 /* FavoritesTableViewCell.swift */ = {isa = PBXFileReference; lastKnownFileType = sourcecode.swift; path = FavoritesTableViewCell.swift; sourceTree = "<group>"; };
		3025597A253495EC00D5EE57 /* SleepSettingsTableViewCell.swift */ = {isa = PBXFileReference; lastKnownFileType = sourcecode.swift; path = SleepSettingsTableViewCell.swift; sourceTree = "<group>"; };
		3025597D2534960C00D5EE57 /* FavoritesCollectionViewCell.swift */ = {isa = PBXFileReference; lastKnownFileType = sourcecode.swift; path = FavoritesCollectionViewCell.swift; sourceTree = "<group>"; };
		302559812534966500D5EE57 /* SettingsModel.swift */ = {isa = PBXFileReference; lastKnownFileType = sourcecode.swift; path = SettingsModel.swift; sourceTree = "<group>"; };
		30255985253496A900D5EE57 /* SettingsProtocol.swift */ = {isa = PBXFileReference; lastKnownFileType = sourcecode.swift; path = SettingsProtocol.swift; sourceTree = "<group>"; };
		30255988253496CE00D5EE57 /* SettingsFavoritesModel.swift */ = {isa = PBXFileReference; lastKnownFileType = sourcecode.swift; path = SettingsFavoritesModel.swift; sourceTree = "<group>"; };
		303EF5F62544823100F68C29 /* SectionHeaderTableViewCell.swift */ = {isa = PBXFileReference; lastKnownFileType = sourcecode.swift; path = SectionHeaderTableViewCell.swift; sourceTree = "<group>"; };
		308906C82532354900F5A643 /* ProgramatticUISleepSettings.app */ = {isa = PBXFileReference; explicitFileType = wrapper.application; includeInIndex = 0; path = ProgramatticUISleepSettings.app; sourceTree = BUILT_PRODUCTS_DIR; };
		308906CB2532354900F5A643 /* AppDelegate.swift */ = {isa = PBXFileReference; lastKnownFileType = sourcecode.swift; path = AppDelegate.swift; sourceTree = "<group>"; };
		308906CD2532354900F5A643 /* SceneDelegate.swift */ = {isa = PBXFileReference; lastKnownFileType = sourcecode.swift; path = SceneDelegate.swift; sourceTree = "<group>"; };
		308906CF2532354900F5A643 /* SettingsViewController.swift */ = {isa = PBXFileReference; lastKnownFileType = sourcecode.swift; path = SettingsViewController.swift; sourceTree = "<group>"; };
		308906D42532354B00F5A643 /* Assets.xcassets */ = {isa = PBXFileReference; lastKnownFileType = folder.assetcatalog; path = Assets.xcassets; sourceTree = "<group>"; };
		308906D72532354B00F5A643 /* Base */ = {isa = PBXFileReference; lastKnownFileType = file.storyboard; name = Base; path = Base.lproj/LaunchScreen.storyboard; sourceTree = "<group>"; };
		308906D92532354B00F5A643 /* Info.plist */ = {isa = PBXFileReference; lastKnownFileType = text.plist.xml; path = Info.plist; sourceTree = "<group>"; };
/* End PBXFileReference section */

/* Begin PBXFrameworksBuildPhase section */
		308906C52532354900F5A643 /* Frameworks */ = {
			isa = PBXFrameworksBuildPhase;
			buildActionMask = 2147483647;
			files = (
			);
			runOnlyForDeploymentPostprocessing = 0;
		};
/* End PBXFrameworksBuildPhase section */

/* Begin PBXGroup section */
		302559802534961900D5EE57 /* Cells */ = {
			isa = PBXGroup;
			children = (
				3025597D2534960C00D5EE57 /* FavoritesCollectionViewCell.swift */,
				3025597A253495EC00D5EE57 /* SleepSettingsTableViewCell.swift */,
				302559742534931200D5EE57 /* SwitchSettingsTableViewCell.swift */,
				30255977253495DA00D5EE57 /* FavoritesTableViewCell.swift */,
				303EF5F62544823100F68C29 /* SectionHeaderTableViewCell.swift */,
			);
			path = Cells;
			sourceTree = "<group>";
		};
		3025598B253496F100D5EE57 /* Models */ = {
			isa = PBXGroup;
			children = (
				302559812534966500D5EE57 /* SettingsModel.swift */,
				30255985253496A900D5EE57 /* SettingsProtocol.swift */,
				30255988253496CE00D5EE57 /* SettingsFavoritesModel.swift */,
			);
			path = Models;
			sourceTree = "<group>";
		};
		308906BF2532354900F5A643 = {
			isa = PBXGroup;
			children = (
				308906CA2532354900F5A643 /* ProgramatticUISleepSettings */,
				308906C92532354900F5A643 /* Products */,
			);
			sourceTree = "<group>";
		};
		308906C92532354900F5A643 /* Products */ = {
			isa = PBXGroup;
			children = (
				308906C82532354900F5A643 /* ProgramatticUISleepSettings.app */,
			);
			name = Products;
			sourceTree = "<group>";
		};
		308906CA2532354900F5A643 /* ProgramatticUISleepSettings */ = {
			isa = PBXGroup;
			children = (
				C56CBE9325486E0C007DF5C8 /* Supporting Files */,
				C56CBE9525486E2B007DF5C8 /* Settings */,
			);
			path = ProgramatticUISleepSettings;
			sourceTree = "<group>";
		};
		C56CBE9325486E0C007DF5C8 /* Supporting Files */ = {
			isa = PBXGroup;
			children = (
				308906D92532354B00F5A643 /* Info.plist */,
				308906CB2532354900F5A643 /* AppDelegate.swift */,
				308906CD2532354900F5A643 /* SceneDelegate.swift */,
				308906D42532354B00F5A643 /* Assets.xcassets */,
				308906D62532354B00F5A643 /* LaunchScreen.storyboard */,
			);
			path = "Supporting Files";
			sourceTree = "<group>";
		};
		C56CBE9525486E2B007DF5C8 /* Settings */ = {
			isa = PBXGroup;
			children = (
				308906CF2532354900F5A643 /* SettingsViewController.swift */,
				3025598B253496F100D5EE57 /* Models */,
				302559802534961900D5EE57 /* Cells */,
			);
			path = Settings;
			sourceTree = "<group>";
		};
/* End PBXGroup section */

/* Begin PBXNativeTarget section */
		308906C72532354900F5A643 /* ProgramatticUISleepSettings */ = {
			isa = PBXNativeTarget;
			buildConfigurationList = 308906DC2532354B00F5A643 /* Build configuration list for PBXNativeTarget "ProgramatticUISleepSettings" */;
			buildPhases = (
				308906C42532354900F5A643 /* Sources */,
				308906C52532354900F5A643 /* Frameworks */,
				308906C62532354900F5A643 /* Resources */,
			);
			buildRules = (
			);
			dependencies = (
			);
			name = ProgramatticUISleepSettings;
			productName = ProgramatticUISleepSettings;
			productReference = 308906C82532354900F5A643 /* ProgramatticUISleepSettings.app */;
			productType = "com.apple.product-type.application";
		};
/* End PBXNativeTarget section */

/* Begin PBXProject section */
		308906C02532354900F5A643 /* Project object */ = {
			isa = PBXProject;
			attributes = {
				LastSwiftUpdateCheck = 1200;
				LastUpgradeCheck = 1200;
				TargetAttributes = {
					308906C72532354900F5A643 = {
						CreatedOnToolsVersion = 12.0.1;
					};
				};
			};
			buildConfigurationList = 308906C32532354900F5A643 /* Build configuration list for PBXProject "ProgramatticUISleepSettings" */;
			compatibilityVersion = "Xcode 9.3";
			developmentRegion = en;
			hasScannedForEncodings = 0;
			knownRegions = (
				en,
				Base,
			);
			mainGroup = 308906BF2532354900F5A643;
			productRefGroup = 308906C92532354900F5A643 /* Products */;
			projectDirPath = "";
			projectRoot = "";
			targets = (
				308906C72532354900F5A643 /* ProgramatticUISleepSettings */,
			);
		};
/* End PBXProject section */

/* Begin PBXResourcesBuildPhase section */
		308906C62532354900F5A643 /* Resources */ = {
			isa = PBXResourcesBuildPhase;
			buildActionMask = 2147483647;
			files = (
				308906D82532354B00F5A643 /* LaunchScreen.storyboard in Resources */,
				308906D52532354B00F5A643 /* Assets.xcassets in Resources */,
			);
			runOnlyForDeploymentPostprocessing = 0;
		};
/* End PBXResourcesBuildPhase section */

/* Begin PBXSourcesBuildPhase section */
		308906C42532354900F5A643 /* Sources */ = {
			isa = PBXSourcesBuildPhase;
			buildActionMask = 2147483647;
			files = (
				303EF5F72544823100F68C29 /* SectionHeaderTableViewCell.swift in Sources */,
				302559822534966500D5EE57 /* SettingsModel.swift in Sources */,
				3025597E2534960C00D5EE57 /* FavoritesCollectionViewCell.swift in Sources */,
				3025597B253495EC00D5EE57 /* SleepSettingsTableViewCell.swift in Sources */,
				30255978253495DA00D5EE57 /* FavoritesTableViewCell.swift in Sources */,
				30255989253496CE00D5EE57 /* SettingsFavoritesModel.swift in Sources */,
				308906D02532354900F5A643 /* SettingsViewController.swift in Sources */,
				308906CC2532354900F5A643 /* AppDelegate.swift in Sources */,
				30255986253496A900D5EE57 /* SettingsProtocol.swift in Sources */,
				302559752534931200D5EE57 /* SwitchSettingsTableViewCell.swift in Sources */,
				308906CE2532354900F5A643 /* SceneDelegate.swift in Sources */,
			);
			runOnlyForDeploymentPostprocessing = 0;
		};
/* End PBXSourcesBuildPhase section */

/* Begin PBXVariantGroup section */
		308906D62532354B00F5A643 /* LaunchScreen.storyboard */ = {
			isa = PBXVariantGroup;
			children = (
				308906D72532354B00F5A643 /* Base */,
			);
			name = LaunchScreen.storyboard;
			sourceTree = "<group>";
		};
/* End PBXVariantGroup section */

/* Begin XCBuildConfiguration section */
		308906DA2532354B00F5A643 /* Debug */ = {
			isa = XCBuildConfiguration;
			buildSettings = {
				ALWAYS_SEARCH_USER_PATHS = NO;
				CLANG_ANALYZER_NONNULL = YES;
				CLANG_ANALYZER_NUMBER_OBJECT_CONVERSION = YES_AGGRESSIVE;
				CLANG_CXX_LANGUAGE_STANDARD = "gnu++14";
				CLANG_CXX_LIBRARY = "libc++";
				CLANG_ENABLE_MODULES = YES;
				CLANG_ENABLE_OBJC_ARC = YES;
				CLANG_ENABLE_OBJC_WEAK = YES;
				CLANG_WARN_BLOCK_CAPTURE_AUTORELEASING = YES;
				CLANG_WARN_BOOL_CONVERSION = YES;
				CLANG_WARN_COMMA = YES;
				CLANG_WARN_CONSTANT_CONVERSION = YES;
				CLANG_WARN_DEPRECATED_OBJC_IMPLEMENTATIONS = YES;
				CLANG_WARN_DIRECT_OBJC_ISA_USAGE = YES_ERROR;
				CLANG_WARN_DOCUMENTATION_COMMENTS = YES;
				CLANG_WARN_EMPTY_BODY = YES;
				CLANG_WARN_ENUM_CONVERSION = YES;
				CLANG_WARN_INFINITE_RECURSION = YES;
				CLANG_WARN_INT_CONVERSION = YES;
				CLANG_WARN_NON_LITERAL_NULL_CONVERSION = YES;
				CLANG_WARN_OBJC_IMPLICIT_RETAIN_SELF = YES;
				CLANG_WARN_OBJC_LITERAL_CONVERSION = YES;
				CLANG_WARN_OBJC_ROOT_CLASS = YES_ERROR;
				CLANG_WARN_QUOTED_INCLUDE_IN_FRAMEWORK_HEADER = YES;
				CLANG_WARN_RANGE_LOOP_ANALYSIS = YES;
				CLANG_WARN_STRICT_PROTOTYPES = YES;
				CLANG_WARN_SUSPICIOUS_MOVE = YES;
				CLANG_WARN_UNGUARDED_AVAILABILITY = YES_AGGRESSIVE;
				CLANG_WARN_UNREACHABLE_CODE = YES;
				CLANG_WARN__DUPLICATE_METHOD_MATCH = YES;
				COPY_PHASE_STRIP = NO;
				DEBUG_INFORMATION_FORMAT = dwarf;
				ENABLE_STRICT_OBJC_MSGSEND = YES;
				ENABLE_TESTABILITY = YES;
				GCC_C_LANGUAGE_STANDARD = gnu11;
				GCC_DYNAMIC_NO_PIC = NO;
				GCC_NO_COMMON_BLOCKS = YES;
				GCC_OPTIMIZATION_LEVEL = 0;
				GCC_PREPROCESSOR_DEFINITIONS = (
					"DEBUG=1",
					"$(inherited)",
				);
				GCC_WARN_64_TO_32_BIT_CONVERSION = YES;
				GCC_WARN_ABOUT_RETURN_TYPE = YES_ERROR;
				GCC_WARN_UNDECLARED_SELECTOR = YES;
				GCC_WARN_UNINITIALIZED_AUTOS = YES_AGGRESSIVE;
				GCC_WARN_UNUSED_FUNCTION = YES;
				GCC_WARN_UNUSED_VARIABLE = YES;
				IPHONEOS_DEPLOYMENT_TARGET = 14.0;
				MTL_ENABLE_DEBUG_INFO = INCLUDE_SOURCE;
				MTL_FAST_MATH = YES;
				ONLY_ACTIVE_ARCH = YES;
				SDKROOT = iphoneos;
				SWIFT_ACTIVE_COMPILATION_CONDITIONS = DEBUG;
				SWIFT_OPTIMIZATION_LEVEL = "-Onone";
			};
			name = Debug;
		};
		308906DB2532354B00F5A643 /* Release */ = {
			isa = XCBuildConfiguration;
			buildSettings = {
				ALWAYS_SEARCH_USER_PATHS = NO;
				CLANG_ANALYZER_NONNULL = YES;
				CLANG_ANALYZER_NUMBER_OBJECT_CONVERSION = YES_AGGRESSIVE;
				CLANG_CXX_LANGUAGE_STANDARD = "gnu++14";
				CLANG_CXX_LIBRARY = "libc++";
				CLANG_ENABLE_MODULES = YES;
				CLANG_ENABLE_OBJC_ARC = YES;
				CLANG_ENABLE_OBJC_WEAK = YES;
				CLANG_WARN_BLOCK_CAPTURE_AUTORELEASING = YES;
				CLANG_WARN_BOOL_CONVERSION = YES;
				CLANG_WARN_COMMA = YES;
				CLANG_WARN_CONSTANT_CONVERSION = YES;
				CLANG_WARN_DEPRECATED_OBJC_IMPLEMENTATIONS = YES;
				CLANG_WARN_DIRECT_OBJC_ISA_USAGE = YES_ERROR;
				CLANG_WARN_DOCUMENTATION_COMMENTS = YES;
				CLANG_WARN_EMPTY_BODY = YES;
				CLANG_WARN_ENUM_CONVERSION = YES;
				CLANG_WARN_INFINITE_RECURSION = YES;
				CLANG_WARN_INT_CONVERSION = YES;
				CLANG_WARN_NON_LITERAL_NULL_CONVERSION = YES;
				CLANG_WARN_OBJC_IMPLICIT_RETAIN_SELF = YES;
				CLANG_WARN_OBJC_LITERAL_CONVERSION = YES;
				CLANG_WARN_OBJC_ROOT_CLASS = YES_ERROR;
				CLANG_WARN_QUOTED_INCLUDE_IN_FRAMEWORK_HEADER = YES;
				CLANG_WARN_RANGE_LOOP_ANALYSIS = YES;
				CLANG_WARN_STRICT_PROTOTYPES = YES;
				CLANG_WARN_SUSPICIOUS_MOVE = YES;
				CLANG_WARN_UNGUARDED_AVAILABILITY = YES_AGGRESSIVE;
				CLANG_WARN_UNREACHABLE_CODE = YES;
				CLANG_WARN__DUPLICATE_METHOD_MATCH = YES;
				COPY_PHASE_STRIP = NO;
				DEBUG_INFORMATION_FORMAT = "dwarf-with-dsym";
				ENABLE_NS_ASSERTIONS = NO;
				ENABLE_STRICT_OBJC_MSGSEND = YES;
				GCC_C_LANGUAGE_STANDARD = gnu11;
				GCC_NO_COMMON_BLOCKS = YES;
				GCC_WARN_64_TO_32_BIT_CONVERSION = YES;
				GCC_WARN_ABOUT_RETURN_TYPE = YES_ERROR;
				GCC_WARN_UNDECLARED_SELECTOR = YES;
				GCC_WARN_UNINITIALIZED_AUTOS = YES_AGGRESSIVE;
				GCC_WARN_UNUSED_FUNCTION = YES;
				GCC_WARN_UNUSED_VARIABLE = YES;
				IPHONEOS_DEPLOYMENT_TARGET = 14.0;
				MTL_ENABLE_DEBUG_INFO = NO;
				MTL_FAST_MATH = YES;
				SDKROOT = iphoneos;
				SWIFT_COMPILATION_MODE = wholemodule;
				SWIFT_OPTIMIZATION_LEVEL = "-O";
				VALIDATE_PRODUCT = YES;
			};
			name = Release;
		};
		308906DD2532354B00F5A643 /* Debug */ = {
			isa = XCBuildConfiguration;
			buildSettings = {
				ASSETCATALOG_COMPILER_APPICON_NAME = AppIcon;
				ASSETCATALOG_COMPILER_GLOBAL_ACCENT_COLOR_NAME = AccentColor;
				CODE_SIGN_STYLE = Automatic;
				DEVELOPMENT_TEAM = H9AZCNDQS4;
				INFOPLIST_FILE = ProgramatticUISleepSettings/Info.plist;
				LD_RUNPATH_SEARCH_PATHS = (
					"$(inherited)",
					"@executable_path/Frameworks",
				);
				PRODUCT_BUNDLE_IDENTIFIER = justin.bengtson.ProgramatticUISleepSettings;
				PRODUCT_NAME = "$(TARGET_NAME)";
				SWIFT_VERSION = 5.0;
				TARGETED_DEVICE_FAMILY = "1,2";
			};
			name = Debug;
		};
		308906DE2532354B00F5A643 /* Release */ = {
			isa = XCBuildConfiguration;
			buildSettings = {
				ASSETCATALOG_COMPILER_APPICON_NAME = AppIcon;
				ASSETCATALOG_COMPILER_GLOBAL_ACCENT_COLOR_NAME = AccentColor;
				CODE_SIGN_STYLE = Automatic;
				DEVELOPMENT_TEAM = H9AZCNDQS4;
				INFOPLIST_FILE = ProgramatticUISleepSettings/Info.plist;
				LD_RUNPATH_SEARCH_PATHS = (
					"$(inherited)",
					"@executable_path/Frameworks",
				);
				PRODUCT_BUNDLE_IDENTIFIER = justin.bengtson.ProgramatticUISleepSettings;
				PRODUCT_NAME = "$(TARGET_NAME)";
				SWIFT_VERSION = 5.0;
				TARGETED_DEVICE_FAMILY = "1,2";
			};
			name = Release;
		};
/* End XCBuildConfiguration section */

/* Begin XCConfigurationList section */
		308906C32532354900F5A643 /* Build configuration list for PBXProject "ProgramatticUISleepSettings" */ = {
			isa = XCConfigurationList;
			buildConfigurations = (
				308906DA2532354B00F5A643 /* Debug */,
				308906DB2532354B00F5A643 /* Release */,
			);
			defaultConfigurationIsVisible = 0;
			defaultConfigurationName = Release;
		};
		308906DC2532354B00F5A643 /* Build configuration list for PBXNativeTarget "ProgramatticUISleepSettings" */ = {
			isa = XCConfigurationList;
			buildConfigurations = (
				308906DD2532354B00F5A643 /* Debug */,
				308906DE2532354B00F5A643 /* Release */,
			);
			defaultConfigurationIsVisible = 0;
			defaultConfigurationName = Release;
		};
/* End XCConfigurationList section */
	};
	rootObject = 308906C02532354900F5A643 /* Project object */;
}
